
Microsoft Visual Studio Solution File, Format Version 12.00
# Visual Studio Version 17
VisualStudioVersion = 17.3.32929.385
MinimumVisualStudioVersion = 10.0.40219.1
Project("{FAE04EC0-301F-11D3-BF4B-00C04F79EFBC}") = "Lab5_zad5", "Lab5_zad5.csproj", "{FFBE9514-2E32-4CBB-BDF2-A34975BAA3B3}"
EndProject
Global
	GlobalSection(SolutionConfigurationPlatforms) = preSolution
		Debug|Any CPU = Debug|Any CPU
		Release|Any CPU = Release|Any CPU
	EndGlobalSection
	GlobalSection(ProjectConfigurationPlatforms) = postSolution
		{FFBE9514-2E32-4CBB-BDF2-A34975BAA3B3}.Debug|Any CPU.ActiveCfg = Debug|Any CPU
		{FFBE9514-2E32-4CBB-BDF2-A34975BAA3B3}.Debug|Any CPU.Build.0 = Debug|Any CPU
		{FFBE9514-2E32-4CBB-BDF2-A34975BAA3B3}.Release|Any CPU.ActiveCfg = Release|Any CPU
		{FFBE9514-2E32-4CBB-BDF2-A34975BAA3B3}.Release|Any CPU.Build.0 = Release|Any CPU
	EndGlobalSection
	GlobalSection(SolutionProperties) = preSolution
		HideSolutionNode = FALSE
	EndGlobalSection
	GlobalSection(ExtensibilityGlobals) = postSolution
		SolutionGuid = {62114C69-1E28-4A8E-9692-0488ADE78120}
	EndGlobalSection
EndGlobal
